
Microsoft Visual Studio Solution File, Format Version 12.00
# Visual Studio Version 17
VisualStudioVersion = 17.0.32126.317
MinimumVisualStudioVersion = 10.0.40219.1
Project("{FAE04EC0-301F-11D3-BF4B-00C04F79EFBC}") = "WebApp", "WebApp\WebApp.csproj", "{5FF7178D-B3F6-4E81-B75C-7E9680237FA5}"
EndProject
Global
	GlobalSection(SolutionConfigurationPlatforms) = preSolution
		Debug|Any CPU = Debug|Any CPU
		Release|Any CPU = Release|Any CPU
	EndGlobalSection
	GlobalSection(ProjectConfigurationPlatforms) = postSolution
		{5FF7178D-B3F6-4E81-B75C-7E9680237FA5}.Debug|Any CPU.ActiveCfg = Debug|Any CPU
		{5FF7178D-B3F6-4E81-B75C-7E9680237FA5}.Debug|Any CPU.Build.0 = Debug|Any CPU
		{5FF7178D-B3F6-4E81-B75C-7E9680237FA5}.Release|Any CPU.ActiveCfg = Release|Any CPU
		{5FF7178D-B3F6-4E81-B75C-7E9680237FA5}.Release|Any CPU.Build.0 = Release|Any CPU
	EndGlobalSection
	GlobalSection(SolutionProperties) = preSolution
		HideSolutionNode = FALSE
	EndGlobalSection
	GlobalSection(ExtensibilityGlobals) = postSolution
		SolutionGuid = {0D0D1A49-5DF5-4B4B-A362-70A84F5ED058}
	EndGlobalSection
EndGlobal
